
Microsoft Visual Studio Solution File, Format Version 12.00
# Visual Studio Version 16
VisualStudioVersion = 16.0.29613.14
MinimumVisualStudioVersion = 10.0.40219.1
Project("{FAE04EC0-301F-11D3-BF4B-00C04F79EFBC}") = "Tp3-MVC", "Tp3-MVC.csproj", "{64B67639-6B1C-48A7-A63D-7D2E52E375F9}"
EndProject
Global
	GlobalSection(SolutionConfigurationPlatforms) = preSolution
		Debug|Any CPU = Debug|Any CPU
		Release|Any CPU = Release|Any CPU
	EndGlobalSection
	GlobalSection(ProjectConfigurationPlatforms) = postSolution
		{64B67639-6B1C-48A7-A63D-7D2E52E375F9}.Debug|Any CPU.ActiveCfg = Debug|Any CPU
		{64B67639-6B1C-48A7-A63D-7D2E52E375F9}.Debug|Any CPU.Build.0 = Debug|Any CPU
		{64B67639-6B1C-48A7-A63D-7D2E52E375F9}.Release|Any CPU.ActiveCfg = Release|Any CPU
		{64B67639-6B1C-48A7-A63D-7D2E52E375F9}.Release|Any CPU.Build.0 = Release|Any CPU
	EndGlobalSection
	GlobalSection(SolutionProperties) = preSolution
		HideSolutionNode = FALSE
	EndGlobalSection
	GlobalSection(ExtensibilityGlobals) = postSolution
		SolutionGuid = {05F109E3-A946-43C7-9120-51C241E35970}
	EndGlobalSection
EndGlobal
